
Microsoft Visual Studio Solution File, Format Version 12.00
# Visual Studio 15
VisualStudioVersion = 15.0.28307.1585
MinimumVisualStudioVersion = 10.0.40219.1
Project("{FAE04EC0-301F-11D3-BF4B-00C04F79EFBC}") = "Tech Project 2", "Tech Project 2\Tech Project 2.csproj", "{513DAD12-8B63-4A0F-A3FD-775FA3ED207F}"
EndProject
Global
	GlobalSection(SolutionConfigurationPlatforms) = preSolution
		Debug|Any CPU = Debug|Any CPU
		Release|Any CPU = Release|Any CPU
	EndGlobalSection
	GlobalSection(ProjectConfigurationPlatforms) = postSolution
		{513DAD12-8B63-4A0F-A3FD-775FA3ED207F}.Debug|Any CPU.ActiveCfg = Debug|Any CPU
		{513DAD12-8B63-4A0F-A3FD-775FA3ED207F}.Debug|Any CPU.Build.0 = Debug|Any CPU
		{513DAD12-8B63-4A0F-A3FD-775FA3ED207F}.Release|Any CPU.ActiveCfg = Release|Any CPU
		{513DAD12-8B63-4A0F-A3FD-775FA3ED207F}.Release|Any CPU.Build.0 = Release|Any CPU
	EndGlobalSection
	GlobalSection(SolutionProperties) = preSolution
		HideSolutionNode = FALSE
	EndGlobalSection
	GlobalSection(ExtensibilityGlobals) = postSolution
		SolutionGuid = {391037B8-DB50-4565-B4BB-3B3BE863B892}
	EndGlobalSection
EndGlobal
